
Microsoft Visual Studio Solution File, Format Version 12.00
# Visual Studio 15
VisualStudioVersion = 15.0.27703.2042
MinimumVisualStudioVersion = 10.0.40219.1
Project("{2150E333-8FDC-42A3-9474-1A3956D46DE8}") = "Files", "Files", "{13FCFB53-1898-4AE9-B229-F917B8F52DB2}"
	ProjectSection(SolutionItems) = preProject
		.travis.yml = .travis.yml
		CHANGELOG.md = CHANGELOG.md
		package.cmd = package.cmd
		README.md = README.md
	EndProjectSection
EndProject
Project("{FAE04EC0-301F-11D3-BF4B-00C04F79EFBC}") = "PusherServer.Tests", "PusherServer.Tests\PusherServer.Tests.csproj", "{37CEF892-E818-4B9D-A144-F46FBA8F1B97}"
EndProject
Project("{9A19103F-16F7-4668-BE54-9A1E7A4F7556}") = "PusherServer", "PusherServer\PusherServer.csproj", "{E4C5D036-93F9-43E0-91B2-BB138845D639}"
EndProject
Global
	GlobalSection(SolutionConfigurationPlatforms) = preSolution
		Debug|Any CPU = Debug|Any CPU
		Debug|Mixed Platforms = Debug|Mixed Platforms
		Debug|x86 = Debug|x86
		Release|Any CPU = Release|Any CPU
		Release|Mixed Platforms = Release|Mixed Platforms
		Release|x86 = Release|x86
	EndGlobalSection
	GlobalSection(ProjectConfigurationPlatforms) = postSolution
		{37CEF892-E818-4B9D-A144-F46FBA8F1B97}.Debug|Any CPU.ActiveCfg = Debug|Any CPU
		{37CEF892-E818-4B9D-A144-F46FBA8F1B97}.Debug|Any CPU.Build.0 = Debug|Any CPU
		{37CEF892-E818-4B9D-A144-F46FBA8F1B97}.Debug|Mixed Platforms.ActiveCfg = Debug|Any CPU
		{37CEF892-E818-4B9D-A144-F46FBA8F1B97}.Debug|Mixed Platforms.Build.0 = Debug|Any CPU
		{37CEF892-E818-4B9D-A144-F46FBA8F1B97}.Debug|x86.ActiveCfg = Debug|Any CPU
		{37CEF892-E818-4B9D-A144-F46FBA8F1B97}.Release|Any CPU.ActiveCfg = Release|Any CPU
		{37CEF892-E818-4B9D-A144-F46FBA8F1B97}.Release|Any CPU.Build.0 = Release|Any CPU
		{37CEF892-E818-4B9D-A144-F46FBA8F1B97}.Release|Mixed Platforms.ActiveCfg = Release|Any CPU
		{37CEF892-E818-4B9D-A144-F46FBA8F1B97}.Release|Mixed Platforms.Build.0 = Release|Any CPU
		{37CEF892-E818-4B9D-A144-F46FBA8F1B97}.Release|x86.ActiveCfg = Release|Any CPU
		{E4C5D036-93F9-43E0-91B2-BB138845D639}.Debug|Any CPU.ActiveCfg = Debug|Any CPU
		{E4C5D036-93F9-43E0-91B2-BB138845D639}.Debug|Any CPU.Build.0 = Debug|Any CPU
		{E4C5D036-93F9-43E0-91B2-BB138845D639}.Debug|Mixed Platforms.ActiveCfg = Debug|Any CPU
		{E4C5D036-93F9-43E0-91B2-BB138845D639}.Debug|Mixed Platforms.Build.0 = Debug|Any CPU
		{E4C5D036-93F9-43E0-91B2-BB138845D639}.Debug|x86.ActiveCfg = Debug|Any CPU
		{E4C5D036-93F9-43E0-91B2-BB138845D639}.Debug|x86.Build.0 = Debug|Any CPU
		{E4C5D036-93F9-43E0-91B2-BB138845D639}.Release|Any CPU.ActiveCfg = Release|Any CPU
		{E4C5D036-93F9-43E0-91B2-BB138845D639}.Release|Any CPU.Build.0 = Release|Any CPU
		{E4C5D036-93F9-43E0-91B2-BB138845D639}.Release|Mixed Platforms.ActiveCfg = Release|Any CPU
		{E4C5D036-93F9-43E0-91B2-BB138845D639}.Release|Mixed Platforms.Build.0 = Release|Any CPU
		{E4C5D036-93F9-43E0-91B2-BB138845D639}.Release|x86.ActiveCfg = Release|Any CPU
		{E4C5D036-93F9-43E0-91B2-BB138845D639}.Release|x86.Build.0 = Release|Any CPU
	EndGlobalSection
	GlobalSection(SolutionProperties) = preSolution
		HideSolutionNode = FALSE
	EndGlobalSection
	GlobalSection(ExtensibilityGlobals) = postSolution
		SolutionGuid = {F82C4E38-56A7-4684-B13B-B861F0122CA8}
	EndGlobalSection
	GlobalSection(TestCaseManagementSettings) = postSolution
		CategoryFile = PusherRESTDotNet.vsmdi
	EndGlobalSection
EndGlobal
