
Microsoft Visual Studio Solution File, Format Version 12.00
# Visual Studio Version 16
VisualStudioVersion = 16.0.31005.135
MinimumVisualStudioVersion = 10.0.40219.1
Project("{2150E333-8FDC-42A3-9474-1A3956D46DE8}") = "Files", "Files", "{13FCFB53-1898-4AE9-B229-F917B8F52DB2}"
	ProjectSection(SolutionItems) = preProject
		.gitattributes = .gitattributes
		.gitignore = .gitignore
		.travis.yml = .travis.yml
		AppConfig.sample.json = AppConfig.sample.json
		CHANGELOG.md = CHANGELOG.md
		LICENSE.txt = LICENSE.txt
		NetFxOnLinux.props = NetFxOnLinux.props
		package.cmd = package.cmd
		README.md = README.md
		Root.Build.props = Root.Build.props
	EndProjectSection
EndProject
Project("{9A19103F-16F7-4668-BE54-9A1E7A4F7556}") = "PusherServer.Tests", "PusherServer.Tests\PusherServer.Tests.csproj", "{68D41211-774A-4CF4-846E-0C38FD968D7C}"
EndProject
Project("{9A19103F-16F7-4668-BE54-9A1E7A4F7556}") = "PusherServer.Core", "PusherServer.Core\PusherServer.Core.csproj", "{5C7F039D-1591-474A-86CD-59EE6D925DE7}"
EndProject
Project("{9A19103F-16F7-4668-BE54-9A1E7A4F7556}") = "PusherServer", "PusherServer\PusherServer.csproj", "{1B404714-5F81-4F3E-836E-106D88972A59}"
	ProjectSection(ProjectDependencies) = postProject
		{5C7F039D-1591-474A-86CD-59EE6D925DE7} = {5C7F039D-1591-474A-86CD-59EE6D925DE7}
	EndProjectSection
EndProject
Global
	GlobalSection(SolutionConfigurationPlatforms) = preSolution
		Debug|Any CPU = Debug|Any CPU
		Release|Any CPU = Release|Any CPU
	EndGlobalSection
	GlobalSection(ProjectConfigurationPlatforms) = postSolution
		{68D41211-774A-4CF4-846E-0C38FD968D7C}.Debug|Any CPU.ActiveCfg = Debug|Any CPU
		{68D41211-774A-4CF4-846E-0C38FD968D7C}.Debug|Any CPU.Build.0 = Debug|Any CPU
		{68D41211-774A-4CF4-846E-0C38FD968D7C}.Release|Any CPU.ActiveCfg = Release|Any CPU
		{68D41211-774A-4CF4-846E-0C38FD968D7C}.Release|Any CPU.Build.0 = Release|Any CPU
		{5C7F039D-1591-474A-86CD-59EE6D925DE7}.Debug|Any CPU.ActiveCfg = Debug|Any CPU
		{5C7F039D-1591-474A-86CD-59EE6D925DE7}.Debug|Any CPU.Build.0 = Debug|Any CPU
		{5C7F039D-1591-474A-86CD-59EE6D925DE7}.Release|Any CPU.ActiveCfg = Release|Any CPU
		{5C7F039D-1591-474A-86CD-59EE6D925DE7}.Release|Any CPU.Build.0 = Release|Any CPU
		{1B404714-5F81-4F3E-836E-106D88972A59}.Debug|Any CPU.ActiveCfg = Debug|Any CPU
		{1B404714-5F81-4F3E-836E-106D88972A59}.Debug|Any CPU.Build.0 = Debug|Any CPU
		{1B404714-5F81-4F3E-836E-106D88972A59}.Release|Any CPU.ActiveCfg = Release|Any CPU
		{1B404714-5F81-4F3E-836E-106D88972A59}.Release|Any CPU.Build.0 = Release|Any CPU
	EndGlobalSection
	GlobalSection(SolutionProperties) = preSolution
		HideSolutionNode = FALSE
	EndGlobalSection
	GlobalSection(ExtensibilityGlobals) = postSolution
		SolutionGuid = {1C25E22B-A520-4475-8E99-CFAD0D934C6E}
	EndGlobalSection
	GlobalSection(TestCaseManagementSettings) = postSolution
		CategoryFile = PusherRESTDotNet.vsmdi
	EndGlobalSection
EndGlobal
